<?xml version="1.0" encoding="utf-8"?>
<Project ToolsVersion="4.0" xmlns="http://schemas.microsoft.com/developer/msbuild/2003">
  <ItemGroup>
    <Filter Include="Исходные файлы">
      <UniqueIdentifier>{4FC737F1-C7A5-4376-A066-2A32D752A2FF}</UniqueIdentifier>
      <Extensions>cpp;c;cc;cxx;c++;cppm;ixx;def;odl;idl;hpj;bat;asm;asmx</Extensions>
    </Filter>
    <Filter Include="Файлы заголовков">
      <UniqueIdentifier>{93995380-89BD-4b04-88EB-625FBE52EBFB}</UniqueIdentifier>
      <Extensions>h;hh;hpp;hxx;h++;hm;inl;inc;ipp;xsd</Extensions>
    </Filter>
    <Filter Include="Файлы ресурсов">
      <UniqueIdentifier>{67DA6AB6-F800-4c08-8B7A-83BB121AAD01}</UniqueIdentifier>
      <Extensions>rc;ico;cur;bmp;dlg;rc2;rct;bin;rgs;gif;jpg;jpeg;jpe;resx;tiff;tif;png;wav;mfcribbon-ms</Extensions>
    </Filter>
    <Filter Include="Ast">
      <UniqueIdentifier>{ce56b092-1c60-4420-b3ba-af3642f9cc72}</UniqueIdentifier>
    </Filter>
  </ItemGroup>
  <ItemGroup>
    <Flex Include="Lexer.l">
      <Filter>Исходные файлы</Filter>
    </Flex>
  </ItemGroup>
  <ItemGroup>
    <ClCompile Include="Lexer.flex.cpp">
      <Filter>Исходные файлы</Filter>
    </ClCompile>
    <ClCompile Include="Parser.tab.cpp">
      <Filter>Исходные файлы</Filter>
    </ClCompile>
    <ClCompile Include="Tree\Type.cpp">
      <Filter>Ast</Filter>
    </ClCompile>
    <ClCompile Include="Tree\Expr.cpp">
      <Filter>Ast</Filter>
    </ClCompile>
    <ClCompile Include="Tree\AccessExpr.cpp">
      <Filter>Ast</Filter>
    </ClCompile>
    <ClCompile Include="Tree\Stmt.cpp">
      <Filter>Ast</Filter>
    </ClCompile>
    <ClCompile Include="Tree\Class.cpp">
      <Filter>Ast</Filter>
    </ClCompile>
    <ClCompile Include="Main.cpp">
      <Filter>Исходные файлы</Filter>
    </ClCompile>
    <ClCompile Include="Dot.cpp">
      <Filter>Исходные файлы</Filter>
    </ClCompile>
    <ClCompile Include="Semantic\Semantic.cpp">
      <Filter>Исходные файлы</Filter>
    </ClCompile>
    <ClCompile Include="Semantic\ClassAnalyzer.cpp">
      <Filter>Исходные файлы</Filter>
    </ClCompile>
    <ClCompile Include="Semantic\JvmClass.cpp">
      <Filter>Исходные файлы</Filter>
    </ClCompile>
  </ItemGroup>
  <ItemGroup>
    <Bison Include="Parser.y">
      <Filter>Исходные файлы</Filter>
    </Bison>
  </ItemGroup>
  <ItemGroup>
    <ClInclude Include="Parser.tab.h">
      <Filter>Файлы заголовков</Filter>
    </ClInclude>
    <ClInclude Include="Tree\Type.h">
      <Filter>Ast</Filter>
    </ClInclude>
    <ClInclude Include="Tree\Node.h">
      <Filter>Ast</Filter>
    </ClInclude>
    <ClInclude Include="Tree\Expr.h">
      <Filter>Ast</Filter>
    </ClInclude>
    <ClInclude Include="Tree\AccessExpr.h">
      <Filter>Ast</Filter>
    </ClInclude>
    <ClInclude Include="Tree\Stmt.h">
      <Filter>Ast</Filter>
    </ClInclude>
    <ClInclude Include="Tree\Class.h">
      <Filter>Ast</Filter>
    </ClInclude>
    <ClInclude Include="Tree\Enum.h">
      <Filter>Ast</Filter>
    </ClInclude>
    <ClInclude Include="Tree\Program.h">
      <Filter>Ast</Filter>
    </ClInclude>
    <ClInclude Include="Dot.h">
      <Filter>Файлы заголовков</Filter>
    </ClInclude>
    <ClInclude Include="Semantic\Semantic.h">
      <Filter>Файлы заголовков</Filter>
    </ClInclude>
    <ClInclude Include="Semantic\JvmClass.h">
      <Filter>Файлы заголовков</Filter>
    </ClInclude>
    <ClInclude Include="Semantic\ClassAnalyzer.h">
      <Filter>Файлы заголовков</Filter>
    </ClInclude>
    <ClInclude Include="Semantic\Commands.h">
      <Filter>Файлы заголовков</Filter>
    </ClInclude>
    <ClInclude Include="VisibilityModifier.h">
      <Filter>Файлы заголовков</Filter>
    </ClInclude>
  </ItemGroup>
</Project>